// !$*UTF8*$!
{
	archiveVersion = 1;
	classes = {
	};
	objectVersion = 50;
	objects = {

/* Begin PBXBuildFile section */
		7C0D0E3A2131B71900E2ED19 /* AppDelegate.swift in Sources */ = {isa = PBXBuildFile; fileRef = 7C0D0E392131B71900E2ED19 /* AppDelegate.swift */; };
		7C0D0E3C2131B71900E2ED19 /* ViewController.swift in Sources */ = {isa = PBXBuildFile; fileRef = 7C0D0E3B2131B71900E2ED19 /* ViewController.swift */; };
		7C0D0E3F2131B71900E2ED19 /* Main.storyboard in Resources */ = {isa = PBXBuildFile; fileRef = 7C0D0E3D2131B71900E2ED19 /* Main.storyboard */; };
		7C0D0E412131B71B00E2ED19 /* Assets.xcassets in Resources */ = {isa = PBXBuildFile; fileRef = 7C0D0E402131B71B00E2ED19 /* Assets.xcassets */; };
		7C0D0E442131B71B00E2ED19 /* LaunchScreen.storyboard in Resources */ = {isa = PBXBuildFile; fileRef = 7C0D0E422131B71B00E2ED19 /* LaunchScreen.storyboard */; };
		7C2D7A512133199800BA417D /* FriendListViewController.swift in Sources */ = {isa = PBXBuildFile; fileRef = 7C2D7A502133199800BA417D /* FriendListViewController.swift */; };
		7C2D7A532133212600BA417D /* TestDataProvider.swift in Sources */ = {isa = PBXBuildFile; fileRef = 7C2D7A522133212600BA417D /* TestDataProvider.swift */; };
		7C2E1745213BFC3F005079B3 /* RequestResult.swift in Sources */ = {isa = PBXBuildFile; fileRef = 7C2E1744213BFC3F005079B3 /* RequestResult.swift */; };
		7C2E1749213C0B46005079B3 /* FriendListInteractor.swift in Sources */ = {isa = PBXBuildFile; fileRef = 7C2E1748213C0B46005079B3 /* FriendListInteractor.swift */; };
		7C2E174B213C0B9C005079B3 /* FriendListPresenterProtocol.swift in Sources */ = {isa = PBXBuildFile; fileRef = 7C2E174A213C0B9C005079B3 /* FriendListPresenterProtocol.swift */; };
		7C2E174D213C4665005079B3 /* ImageSelectionController.swift in Sources */ = {isa = PBXBuildFile; fileRef = 7C2E174C213C4665005079B3 /* ImageSelectionController.swift */; };
		7C2E1750213C46E6005079B3 /* ImageSelectionInteractor.swift in Sources */ = {isa = PBXBuildFile; fileRef = 7C2E174F213C46E6005079B3 /* ImageSelectionInteractor.swift */; };
		7C2E1752213C4707005079B3 /* ImageSelectionPresenter.swift in Sources */ = {isa = PBXBuildFile; fileRef = 7C2E1751213C4707005079B3 /* ImageSelectionPresenter.swift */; };
		7C2E1754213C9260005079B3 /* AvatarManager.swift in Sources */ = {isa = PBXBuildFile; fileRef = 7C2E1753213C9260005079B3 /* AvatarManager.swift */; };
		7C2E1756213C99F1005079B3 /* Downloader.swift in Sources */ = {isa = PBXBuildFile; fileRef = 7C2E1755213C99F1005079B3 /* Downloader.swift */; };
		7C6FBEFF21374CFD00C758AF /* default_avatar.png in Resources */ = {isa = PBXBuildFile; fileRef = 7C6FBEFE21374CFD00C758AF /* default_avatar.png */; };
		7C6FBF02213ACE5D00C758AF /* DataProvider.swift in Sources */ = {isa = PBXBuildFile; fileRef = 7C6FBF01213ACE5D00C758AF /* DataProvider.swift */; };
		BD8328142139A7FA0048BF19 /* InitialViewInteractor.swift in Sources */ = {isa = PBXBuildFile; fileRef = BD8328122139A7F90048BF19 /* InitialViewInteractor.swift */; };
		BD8328152139A7FA0048BF19 /* InitialViewPresenter.swift in Sources */ = {isa = PBXBuildFile; fileRef = BD8328132139A7F90048BF19 /* InitialViewPresenter.swift */; };
		FCB6A811A5E6E7FFA74277AC /* Pods_fbs_test.framework in Frameworks */ = {isa = PBXBuildFile; fileRef = A9A63F66817D563F3007B54F /* Pods_fbs_test.framework */; };
/* End PBXBuildFile section */

/* Begin PBXFileReference section */
		1252481100F905863D4D5F57 /* Pods-fbs_test.release.xcconfig */ = {isa = PBXFileReference; includeInIndex = 1; lastKnownFileType = text.xcconfig; name = "Pods-fbs_test.release.xcconfig"; path = "Pods/Target Support Files/Pods-fbs_test/Pods-fbs_test.release.xcconfig"; sourceTree = "<group>"; };
		7C0D0E362131B71900E2ED19 /* fbs_test.app */ = {isa = PBXFileReference; explicitFileType = wrapper.application; includeInIndex = 0; path = fbs_test.app; sourceTree = BUILT_PRODUCTS_DIR; };
		7C0D0E392131B71900E2ED19 /* AppDelegate.swift */ = {isa = PBXFileReference; lastKnownFileType = sourcecode.swift; path = AppDelegate.swift; sourceTree = "<group>"; };
		7C0D0E3B2131B71900E2ED19 /* ViewController.swift */ = {isa = PBXFileReference; lastKnownFileType = sourcecode.swift; path = ViewController.swift; sourceTree = "<group>"; };
		7C0D0E3E2131B71900E2ED19 /* Base */ = {isa = PBXFileReference; lastKnownFileType = file.storyboard; name = Base; path = Base.lproj/Main.storyboard; sourceTree = "<group>"; };
		7C0D0E402131B71B00E2ED19 /* Assets.xcassets */ = {isa = PBXFileReference; lastKnownFileType = folder.assetcatalog; path = Assets.xcassets; sourceTree = "<group>"; };
		7C0D0E432131B71B00E2ED19 /* Base */ = {isa = PBXFileReference; lastKnownFileType = file.storyboard; name = Base; path = Base.lproj/LaunchScreen.storyboard; sourceTree = "<group>"; };
		7C0D0E452131B71B00E2ED19 /* Info.plist */ = {isa = PBXFileReference; lastKnownFileType = text.plist.xml; path = Info.plist; sourceTree = "<group>"; };
		7C0D0E5F2131BBFF00E2ED19 /* BridgeHeader.h */ = {isa = PBXFileReference; lastKnownFileType = sourcecode.c.h; path = BridgeHeader.h; sourceTree = "<group>"; };
		7C2D7A502133199800BA417D /* FriendListViewController.swift */ = {isa = PBXFileReference; lastKnownFileType = sourcecode.swift; path = FriendListViewController.swift; sourceTree = "<group>"; };
		7C2D7A522133212600BA417D /* TestDataProvider.swift */ = {isa = PBXFileReference; lastKnownFileType = sourcecode.swift; path = TestDataProvider.swift; sourceTree = "<group>"; };
		7C2E1744213BFC3F005079B3 /* RequestResult.swift */ = {isa = PBXFileReference; lastKnownFileType = sourcecode.swift; path = RequestResult.swift; sourceTree = "<group>"; };
		7C2E1748213C0B46005079B3 /* FriendListInteractor.swift */ = {isa = PBXFileReference; lastKnownFileType = sourcecode.swift; path = FriendListInteractor.swift; sourceTree = "<group>"; };
		7C2E174A213C0B9C005079B3 /* FriendListPresenterProtocol.swift */ = {isa = PBXFileReference; lastKnownFileType = sourcecode.swift; path = FriendListPresenterProtocol.swift; sourceTree = "<group>"; };
		7C2E174C213C4665005079B3 /* ImageSelectionController.swift */ = {isa = PBXFileReference; lastKnownFileType = sourcecode.swift; path = ImageSelectionController.swift; sourceTree = "<group>"; };
		7C2E174F213C46E6005079B3 /* ImageSelectionInteractor.swift */ = {isa = PBXFileReference; lastKnownFileType = sourcecode.swift; path = ImageSelectionInteractor.swift; sourceTree = "<group>"; };
		7C2E1751213C4707005079B3 /* ImageSelectionPresenter.swift */ = {isa = PBXFileReference; lastKnownFileType = sourcecode.swift; path = ImageSelectionPresenter.swift; sourceTree = "<group>"; };
		7C2E1753213C9260005079B3 /* AvatarManager.swift */ = {isa = PBXFileReference; lastKnownFileType = sourcecode.swift; path = AvatarManager.swift; sourceTree = "<group>"; };
		7C2E1755213C99F1005079B3 /* Downloader.swift */ = {isa = PBXFileReference; lastKnownFileType = sourcecode.swift; path = Downloader.swift; sourceTree = "<group>"; };
		7C6FBEFE21374CFD00C758AF /* default_avatar.png */ = {isa = PBXFileReference; lastKnownFileType = image.png; path = default_avatar.png; sourceTree = "<group>"; };
		7C6FBF01213ACE5D00C758AF /* DataProvider.swift */ = {isa = PBXFileReference; lastKnownFileType = sourcecode.swift; path = DataProvider.swift; sourceTree = "<group>"; };
		A9A63F66817D563F3007B54F /* Pods_fbs_test.framework */ = {isa = PBXFileReference; explicitFileType = wrapper.framework; includeInIndex = 0; path = Pods_fbs_test.framework; sourceTree = BUILT_PRODUCTS_DIR; };
		BD8328122139A7F90048BF19 /* InitialViewInteractor.swift */ = {isa = PBXFileReference; fileEncoding = 4; lastKnownFileType = sourcecode.swift; path = InitialViewInteractor.swift; sourceTree = "<group>"; };
		BD8328132139A7F90048BF19 /* InitialViewPresenter.swift */ = {isa = PBXFileReference; fileEncoding = 4; lastKnownFileType = sourcecode.swift; path = InitialViewPresenter.swift; sourceTree = "<group>"; };
		C4501C94F2E1224B0A9CC866 /* Pods-fbs_test.debug.xcconfig */ = {isa = PBXFileReference; includeInIndex = 1; lastKnownFileType = text.xcconfig; name = "Pods-fbs_test.debug.xcconfig"; path = "Pods/Target Support Files/Pods-fbs_test/Pods-fbs_test.debug.xcconfig"; sourceTree = "<group>"; };
/* End PBXFileReference section */

/* Begin PBXFrameworksBuildPhase section */
		7C0D0E332131B71900E2ED19 /* Frameworks */ = {
			isa = PBXFrameworksBuildPhase;
			buildActionMask = 2147483647;
			files = (
				FCB6A811A5E6E7FFA74277AC /* Pods_fbs_test.framework in Frameworks */,
			);
			runOnlyForDeploymentPostprocessing = 0;
		};
/* End PBXFrameworksBuildPhase section */

/* Begin PBXGroup section */
		52C4AB05C2EDE6835FC11022 /* Frameworks */ = {
			isa = PBXGroup;
			children = (
				A9A63F66817D563F3007B54F /* Pods_fbs_test.framework */,
			);
			name = Frameworks;
			sourceTree = "<group>";
		};
		7669FB8F67D3BA30467521EA /* Pods */ = {
			isa = PBXGroup;
			children = (
				C4501C94F2E1224B0A9CC866 /* Pods-fbs_test.debug.xcconfig */,
				1252481100F905863D4D5F57 /* Pods-fbs_test.release.xcconfig */,
			);
			name = Pods;
			sourceTree = "<group>";
		};
		7C0D0E2D2131B71900E2ED19 = {
			isa = PBXGroup;
			children = (
				7C0D0E382131B71900E2ED19 /* fbs_test */,
				7C0D0E372131B71900E2ED19 /* Products */,
				7669FB8F67D3BA30467521EA /* Pods */,
				52C4AB05C2EDE6835FC11022 /* Frameworks */,
			);
			sourceTree = "<group>";
		};
		7C0D0E372131B71900E2ED19 /* Products */ = {
			isa = PBXGroup;
			children = (
				7C0D0E362131B71900E2ED19 /* fbs_test.app */,
			);
			name = Products;
			sourceTree = "<group>";
		};
		7C0D0E382131B71900E2ED19 /* fbs_test */ = {
			isa = PBXGroup;
			children = (
				7C2E1747213C0017005079B3 /* FriendListScene */,
				7C2E1746213BFFEE005079B3 /* InitialScene */,
				7C2E174E213C466B005079B3 /* ImageSelectionScene */,
				7C6FBF0021374D8B00C758AF /* resources */,
				7C0D0E392131B71900E2ED19 /* AppDelegate.swift */,
				7C0D0E402131B71B00E2ED19 /* Assets.xcassets */,
				7C0D0E452131B71B00E2ED19 /* Info.plist */,
				7C0D0E5F2131BBFF00E2ED19 /* BridgeHeader.h */,
				7C2D7A522133212600BA417D /* TestDataProvider.swift */,
				7C6FBF01213ACE5D00C758AF /* DataProvider.swift */,
				7C2E1744213BFC3F005079B3 /* RequestResult.swift */,
				7C2E1753213C9260005079B3 /* AvatarManager.swift */,
				7C2E1755213C99F1005079B3 /* Downloader.swift */,
			);
			path = fbs_test;
			sourceTree = "<group>";
		};
		7C2E1746213BFFEE005079B3 /* InitialScene */ = {
			isa = PBXGroup;
			children = (
				BD8328122139A7F90048BF19 /* InitialViewInteractor.swift */,
				BD8328132139A7F90048BF19 /* InitialViewPresenter.swift */,
				7C0D0E3B2131B71900E2ED19 /* ViewController.swift */,
			);
			path = InitialScene;
			sourceTree = "<group>";
		};
		7C2E1747213C0017005079B3 /* FriendListScene */ = {
			isa = PBXGroup;
			children = (
				7C2D7A502133199800BA417D /* FriendListViewController.swift */,
				7C2E1748213C0B46005079B3 /* FriendListInteractor.swift */,
				7C2E174A213C0B9C005079B3 /* FriendListPresenterProtocol.swift */,
			);
			path = FriendListScene;
			sourceTree = "<group>";
		};
		7C2E174E213C466B005079B3 /* ImageSelectionScene */ = {
			isa = PBXGroup;
			children = (
				7C2E174C213C4665005079B3 /* ImageSelectionController.swift */,
				7C2E1751213C4707005079B3 /* ImageSelectionPresenter.swift */,
				7C2E174F213C46E6005079B3 /* ImageSelectionInteractor.swift */,
			);
			path = ImageSelectionScene;
			sourceTree = "<group>";
		};
		7C6FBF0021374D8B00C758AF /* resources */ = {
			isa = PBXGroup;
			children = (
				7C6FBEFE21374CFD00C758AF /* default_avatar.png */,
				7C0D0E3D2131B71900E2ED19 /* Main.storyboard */,
				7C0D0E422131B71B00E2ED19 /* LaunchScreen.storyboard */,
			);
			path = resources;
			sourceTree = "<group>";
		};
/* End PBXGroup section */

/* Begin PBXNativeTarget section */
		7C0D0E352131B71900E2ED19 /* fbs_test */ = {
			isa = PBXNativeTarget;
			buildConfigurationList = 7C0D0E482131B71B00E2ED19 /* Build configuration list for PBXNativeTarget "fbs_test" */;
			buildPhases = (
				3FC45B2FB69AF28CFD7295D7 /* [CP] Check Pods Manifest.lock */,
				7C0D0E322131B71900E2ED19 /* Sources */,
				7C0D0E332131B71900E2ED19 /* Frameworks */,
				7C0D0E342131B71900E2ED19 /* Resources */,
				CDAAAB06A6D13CA152BE7522 /* [CP] Embed Pods Frameworks */,
			);
			buildRules = (
			);
			dependencies = (
			);
			name = fbs_test;
			productName = fbs_test;
			productReference = 7C0D0E362131B71900E2ED19 /* fbs_test.app */;
			productType = "com.apple.product-type.application";
		};
/* End PBXNativeTarget section */

/* Begin PBXProject section */
		7C0D0E2E2131B71900E2ED19 /* Project object */ = {
			isa = PBXProject;
			attributes = {
				LastSwiftUpdateCheck = 0940;
				LastUpgradeCheck = 0940;
				ORGANIZATIONNAME = "Oleg Shcherbakov";
				TargetAttributes = {
					7C0D0E352131B71900E2ED19 = {
						CreatedOnToolsVersion = 9.4.1;
					};
				};
			};
			buildConfigurationList = 7C0D0E312131B71900E2ED19 /* Build configuration list for PBXProject "fbs_test" */;
			compatibilityVersion = "Xcode 9.3";
			developmentRegion = en;
			hasScannedForEncodings = 0;
			knownRegions = (
				en,
				Base,
			);
			mainGroup = 7C0D0E2D2131B71900E2ED19;
			productRefGroup = 7C0D0E372131B71900E2ED19 /* Products */;
			projectDirPath = "";
			projectRoot = "";
			targets = (
				7C0D0E352131B71900E2ED19 /* fbs_test */,
			);
		};
/* End PBXProject section */

/* Begin PBXResourcesBuildPhase section */
		7C0D0E342131B71900E2ED19 /* Resources */ = {
			isa = PBXResourcesBuildPhase;
			buildActionMask = 2147483647;
			files = (
				7C6FBEFF21374CFD00C758AF /* default_avatar.png in Resources */,
				7C0D0E442131B71B00E2ED19 /* LaunchScreen.storyboard in Resources */,
				7C0D0E412131B71B00E2ED19 /* Assets.xcassets in Resources */,
				7C0D0E3F2131B71900E2ED19 /* Main.storyboard in Resources */,
			);
			runOnlyForDeploymentPostprocessing = 0;
		};
/* End PBXResourcesBuildPhase section */

/* Begin PBXShellScriptBuildPhase section */
		3FC45B2FB69AF28CFD7295D7 /* [CP] Check Pods Manifest.lock */ = {
			isa = PBXShellScriptBuildPhase;
			buildActionMask = 2147483647;
			files = (
			);
			inputPaths = (
				"${PODS_PODFILE_DIR_PATH}/Podfile.lock",
				"${PODS_ROOT}/Manifest.lock",
			);
			name = "[CP] Check Pods Manifest.lock";
			outputPaths = (
				"$(DERIVED_FILE_DIR)/Pods-fbs_test-checkManifestLockResult.txt",
			);
			runOnlyForDeploymentPostprocessing = 0;
			shellPath = /bin/sh;
			shellScript = "diff \"${PODS_PODFILE_DIR_PATH}/Podfile.lock\" \"${PODS_ROOT}/Manifest.lock\" > /dev/null\nif [ $? != 0 ] ; then\n    # print error to STDERR\n    echo \"error: The sandbox is not in sync with the Podfile.lock. Run 'pod install' or update your CocoaPods installation.\" >&2\n    exit 1\nfi\n# This output is used by Xcode 'outputs' to avoid re-running this script phase.\necho \"SUCCESS\" > \"${SCRIPT_OUTPUT_FILE_0}\"\n";
			showEnvVarsInLog = 0;
		};
		CDAAAB06A6D13CA152BE7522 /* [CP] Embed Pods Frameworks */ = {
			isa = PBXShellScriptBuildPhase;
			buildActionMask = 2147483647;
			files = (
			);
			inputPaths = (
				"${SRCROOT}/Pods/Target Support Files/Pods-fbs_test/Pods-fbs_test-frameworks.sh",
				"${BUILT_PRODUCTS_DIR}/VK-ios-sdk/VK_ios_sdk.framework",
			);
			name = "[CP] Embed Pods Frameworks";
			outputPaths = (
				"${TARGET_BUILD_DIR}/${FRAMEWORKS_FOLDER_PATH}/VK_ios_sdk.framework",
			);
			runOnlyForDeploymentPostprocessing = 0;
			shellPath = /bin/sh;
			shellScript = "\"${SRCROOT}/Pods/Target Support Files/Pods-fbs_test/Pods-fbs_test-frameworks.sh\"\n";
			showEnvVarsInLog = 0;
		};
/* End PBXShellScriptBuildPhase section */

/* Begin PBXSourcesBuildPhase section */
		7C0D0E322131B71900E2ED19 /* Sources */ = {
			isa = PBXSourcesBuildPhase;
			buildActionMask = 2147483647;
			files = (
				7C2E174B213C0B9C005079B3 /* FriendListPresenterProtocol.swift in Sources */,
				7C2E1750213C46E6005079B3 /* ImageSelectionInteractor.swift in Sources */,
				7C6FBF02213ACE5D00C758AF /* DataProvider.swift in Sources */,
				7C2E1754213C9260005079B3 /* AvatarManager.swift in Sources */,
				BD8328152139A7FA0048BF19 /* InitialViewPresenter.swift in Sources */,
				7C2E1756213C99F1005079B3 /* Downloader.swift in Sources */,
				7C2D7A512133199800BA417D /* FriendListViewController.swift in Sources */,
				7C2E174D213C4665005079B3 /* ImageSelectionController.swift in Sources */,
				7C0D0E3C2131B71900E2ED19 /* ViewController.swift in Sources */,
				7C2D7A532133212600BA417D /* TestDataProvider.swift in Sources */,
				7C2E1749213C0B46005079B3 /* FriendListInteractor.swift in Sources */,
				7C0D0E3A2131B71900E2ED19 /* AppDelegate.swift in Sources */,
				7C2E1745213BFC3F005079B3 /* RequestResult.swift in Sources */,
				BD8328142139A7FA0048BF19 /* InitialViewInteractor.swift in Sources */,
				7C2E1752213C4707005079B3 /* ImageSelectionPresenter.swift in Sources */,
			);
			runOnlyForDeploymentPostprocessing = 0;
		};
/* End PBXSourcesBuildPhase section */

/* Begin PBXVariantGroup section */
		7C0D0E3D2131B71900E2ED19 /* Main.storyboard */ = {
			isa = PBXVariantGroup;
			children = (
				7C0D0E3E2131B71900E2ED19 /* Base */,
			);
			name = Main.storyboard;
			sourceTree = "<group>";
		};
		7C0D0E422131B71B00E2ED19 /* LaunchScreen.storyboard */ = {
			isa = PBXVariantGroup;
			children = (
				7C0D0E432131B71B00E2ED19 /* Base */,
			);
			name = LaunchScreen.storyboard;
			sourceTree = "<group>";
		};
/* End PBXVariantGroup section */

/* Begin XCBuildConfiguration section */
		7C0D0E462131B71B00E2ED19 /* Debug */ = {
			isa = XCBuildConfiguration;
			buildSettings = {
				ALWAYS_SEARCH_USER_PATHS = NO;
				CLANG_ANALYZER_NONNULL = YES;
				CLANG_ANALYZER_NUMBER_OBJECT_CONVERSION = YES_AGGRESSIVE;
				CLANG_CXX_LANGUAGE_STANDARD = "gnu++14";
				CLANG_CXX_LIBRARY = "libc++";
				CLANG_ENABLE_MODULES = YES;
				CLANG_ENABLE_OBJC_ARC = YES;
				CLANG_ENABLE_OBJC_WEAK = YES;
				CLANG_WARN_BLOCK_CAPTURE_AUTORELEASING = YES;
				CLANG_WARN_BOOL_CONVERSION = YES;
				CLANG_WARN_COMMA = YES;
				CLANG_WARN_CONSTANT_CONVERSION = YES;
				CLANG_WARN_DEPRECATED_OBJC_IMPLEMENTATIONS = YES;
				CLANG_WARN_DIRECT_OBJC_ISA_USAGE = YES_ERROR;
				CLANG_WARN_DOCUMENTATION_COMMENTS = YES;
				CLANG_WARN_EMPTY_BODY = YES;
				CLANG_WARN_ENUM_CONVERSION = YES;
				CLANG_WARN_INFINITE_RECURSION = YES;
				CLANG_WARN_INT_CONVERSION = YES;
				CLANG_WARN_NON_LITERAL_NULL_CONVERSION = YES;
				CLANG_WARN_OBJC_IMPLICIT_RETAIN_SELF = YES;
				CLANG_WARN_OBJC_LITERAL_CONVERSION = YES;
				CLANG_WARN_OBJC_ROOT_CLASS = YES_ERROR;
				CLANG_WARN_RANGE_LOOP_ANALYSIS = YES;
				CLANG_WARN_STRICT_PROTOTYPES = YES;
				CLANG_WARN_SUSPICIOUS_MOVE = YES;
				CLANG_WARN_UNGUARDED_AVAILABILITY = YES_AGGRESSIVE;
				CLANG_WARN_UNREACHABLE_CODE = YES;
				CLANG_WARN__DUPLICATE_METHOD_MATCH = YES;
				CODE_SIGN_IDENTITY = "iPhone Developer";
				COPY_PHASE_STRIP = NO;
				DEBUG_INFORMATION_FORMAT = dwarf;
				ENABLE_STRICT_OBJC_MSGSEND = YES;
				ENABLE_TESTABILITY = YES;
				GCC_C_LANGUAGE_STANDARD = gnu11;
				GCC_DYNAMIC_NO_PIC = NO;
				GCC_NO_COMMON_BLOCKS = YES;
				GCC_OPTIMIZATION_LEVEL = 0;
				GCC_PREPROCESSOR_DEFINITIONS = (
					"DEBUG=1",
					"$(inherited)",
				);
				GCC_WARN_64_TO_32_BIT_CONVERSION = YES;
				GCC_WARN_ABOUT_RETURN_TYPE = YES_ERROR;
				GCC_WARN_UNDECLARED_SELECTOR = YES;
				GCC_WARN_UNINITIALIZED_AUTOS = YES_AGGRESSIVE;
				GCC_WARN_UNUSED_FUNCTION = YES;
				GCC_WARN_UNUSED_VARIABLE = YES;
				IPHONEOS_DEPLOYMENT_TARGET = 11.4;
				MTL_ENABLE_DEBUG_INFO = YES;
				ONLY_ACTIVE_ARCH = YES;
				SDKROOT = iphoneos;
				SWIFT_ACTIVE_COMPILATION_CONDITIONS = DEBUG;
				SWIFT_OPTIMIZATION_LEVEL = "-Onone";
			};
			name = Debug;
		};
		7C0D0E472131B71B00E2ED19 /* Release */ = {
			isa = XCBuildConfiguration;
			buildSettings = {
				ALWAYS_SEARCH_USER_PATHS = NO;
				CLANG_ANALYZER_NONNULL = YES;
				CLANG_ANALYZER_NUMBER_OBJECT_CONVERSION = YES_AGGRESSIVE;
				CLANG_CXX_LANGUAGE_STANDARD = "gnu++14";
				CLANG_CXX_LIBRARY = "libc++";
				CLANG_ENABLE_MODULES = YES;
				CLANG_ENABLE_OBJC_ARC = YES;
				CLANG_ENABLE_OBJC_WEAK = YES;
				CLANG_WARN_BLOCK_CAPTURE_AUTORELEASING = YES;
				CLANG_WARN_BOOL_CONVERSION = YES;
				CLANG_WARN_COMMA = YES;
				CLANG_WARN_CONSTANT_CONVERSION = YES;
				CLANG_WARN_DEPRECATED_OBJC_IMPLEMENTATIONS = YES;
				CLANG_WARN_DIRECT_OBJC_ISA_USAGE = YES_ERROR;
				CLANG_WARN_DOCUMENTATION_COMMENTS = YES;
				CLANG_WARN_EMPTY_BODY = YES;
				CLANG_WARN_ENUM_CONVERSION = YES;
				CLANG_WARN_INFINITE_RECURSION = YES;
				CLANG_WARN_INT_CONVERSION = YES;
				CLANG_WARN_NON_LITERAL_NULL_CONVERSION = YES;
				CLANG_WARN_OBJC_IMPLICIT_RETAIN_SELF = YES;
				CLANG_WARN_OBJC_LITERAL_CONVERSION = YES;
				CLANG_WARN_OBJC_ROOT_CLASS = YES_ERROR;
				CLANG_WARN_RANGE_LOOP_ANALYSIS = YES;
				CLANG_WARN_STRICT_PROTOTYPES = YES;
				CLANG_WARN_SUSPICIOUS_MOVE = YES;
				CLANG_WARN_UNGUARDED_AVAILABILITY = YES_AGGRESSIVE;
				CLANG_WARN_UNREACHABLE_CODE = YES;
				CLANG_WARN__DUPLICATE_METHOD_MATCH = YES;
				CODE_SIGN_IDENTITY = "iPhone Developer";
				COPY_PHASE_STRIP = NO;
				DEBUG_INFORMATION_FORMAT = "dwarf-with-dsym";
				ENABLE_NS_ASSERTIONS = NO;
				ENABLE_STRICT_OBJC_MSGSEND = YES;
				GCC_C_LANGUAGE_STANDARD = gnu11;
				GCC_NO_COMMON_BLOCKS = YES;
				GCC_WARN_64_TO_32_BIT_CONVERSION = YES;
				GCC_WARN_ABOUT_RETURN_TYPE = YES_ERROR;
				GCC_WARN_UNDECLARED_SELECTOR = YES;
				GCC_WARN_UNINITIALIZED_AUTOS = YES_AGGRESSIVE;
				GCC_WARN_UNUSED_FUNCTION = YES;
				GCC_WARN_UNUSED_VARIABLE = YES;
				IPHONEOS_DEPLOYMENT_TARGET = 11.4;
				MTL_ENABLE_DEBUG_INFO = NO;
				SDKROOT = iphoneos;
				SWIFT_COMPILATION_MODE = wholemodule;
				SWIFT_OPTIMIZATION_LEVEL = "-O";
				VALIDATE_PRODUCT = YES;
			};
			name = Release;
		};
		7C0D0E492131B71B00E2ED19 /* Debug */ = {
			isa = XCBuildConfiguration;
			baseConfigurationReference = C4501C94F2E1224B0A9CC866 /* Pods-fbs_test.debug.xcconfig */;
			buildSettings = {
				ASSETCATALOG_COMPILER_APPICON_NAME = AppIcon;
				CODE_SIGN_IDENTITY = "iPhone Developer";
				CODE_SIGN_STYLE = Automatic;
				DEVELOPMENT_TEAM = BCWR9LGZ4V;
				FRAMEWORK_SEARCH_PATHS = (
					"$(inherited)",
					"$(PROJECT_DIR)",
				);
				INFOPLIST_FILE = fbs_test/Info.plist;
				LD_RUNPATH_SEARCH_PATHS = (
					"$(inherited)",
					"@executable_path/Frameworks",
				);
				PRODUCT_BUNDLE_IDENTIFIER = "com.fbs.fbs-test";
				PRODUCT_NAME = "$(TARGET_NAME)";
				PROVISIONING_PROFILE_SPECIFIER = "";
				SWIFT_OBJC_BRIDGING_HEADER = fbs_test/BridgeHeader.h;
				SWIFT_VERSION = 4.0;
				TARGETED_DEVICE_FAMILY = "1,2";
			};
			name = Debug;
		};
		7C0D0E4A2131B71B00E2ED19 /* Release */ = {
			isa = XCBuildConfiguration;
			baseConfigurationReference = 1252481100F905863D4D5F57 /* Pods-fbs_test.release.xcconfig */;
			buildSettings = {
				ASSETCATALOG_COMPILER_APPICON_NAME = AppIcon;
				CODE_SIGN_IDENTITY = "iPhone Developer";
				CODE_SIGN_STYLE = Automatic;
				DEVELOPMENT_TEAM = BCWR9LGZ4V;
				FRAMEWORK_SEARCH_PATHS = (
					"$(inherited)",
					"$(PROJECT_DIR)",
				);
				INFOPLIST_FILE = fbs_test/Info.plist;
				LD_RUNPATH_SEARCH_PATHS = (
					"$(inherited)",
					"@executable_path/Frameworks",
				);
				PRODUCT_BUNDLE_IDENTIFIER = "com.fbs.fbs-test";
				PRODUCT_NAME = "$(TARGET_NAME)";
				PROVISIONING_PROFILE_SPECIFIER = "";
				SWIFT_OBJC_BRIDGING_HEADER = fbs_test/BridgeHeader.h;
				SWIFT_VERSION = 4.0;
				TARGETED_DEVICE_FAMILY = "1,2";
			};
			name = Release;
		};
/* End XCBuildConfiguration section */

/* Begin XCConfigurationList section */
		7C0D0E312131B71900E2ED19 /* Build configuration list for PBXProject "fbs_test" */ = {
			isa = XCConfigurationList;
			buildConfigurations = (
				7C0D0E462131B71B00E2ED19 /* Debug */,
				7C0D0E472131B71B00E2ED19 /* Release */,
			);
			defaultConfigurationIsVisible = 0;
			defaultConfigurationName = Release;
		};
		7C0D0E482131B71B00E2ED19 /* Build configuration list for PBXNativeTarget "fbs_test" */ = {
			isa = XCConfigurationList;
			buildConfigurations = (
				7C0D0E492131B71B00E2ED19 /* Debug */,
				7C0D0E4A2131B71B00E2ED19 /* Release */,
			);
			defaultConfigurationIsVisible = 0;
			defaultConfigurationName = Release;
		};
/* End XCConfigurationList section */
	};
	rootObject = 7C0D0E2E2131B71900E2ED19 /* Project object */;
}
